Microsoft Visual Studio Solution File, Format Version 11.00
# Visual Studio 2008

Project("{84A6B191-8627-273A-E045-22A7C96C182E}") = "Minigame - Couch Wars", "Assembly-CSharp.csproj", "{41D20CDC-C542-E921-A676-C4020F0BA6B6}"
EndProject
Global
	GlobalSection(SolutionConfigurationPlatforms) = preSolution
		Debug|Any CPU = Debug|Any CPU
		Release|Any CPU = Release|Any CPU
	EndGlobalSection
	GlobalSection(ProjectConfigurationPlatforms) = postSolution
		{41D20CDC-C542-E921-A676-C4020F0BA6B6}.Debug|Any CPU.ActiveCfg = Debug|Any CPU
		{41D20CDC-C542-E921-A676-C4020F0BA6B6}.Debug|Any CPU.Build.0 = Debug|Any CPU
		{41D20CDC-C542-E921-A676-C4020F0BA6B6}.Release|Any CPU.ActiveCfg = Release|Any CPU
		{41D20CDC-C542-E921-A676-C4020F0BA6B6}.Release|Any CPU.Build.0 = Release|Any CPU
	EndGlobalSection
	GlobalSection(SolutionProperties) = preSolution
		HideSolutionNode = FALSE
	EndGlobalSection
	GlobalSection(MonoDevelopProperties) = preSolution
		Policies = $0
		$0.TextStylePolicy = $1
		$1.inheritsSet = null
		$1.scope = text/x-csharp
		$0.CSharpFormattingPolicy = $2
		$2.AfterDelegateDeclarationParameterComma = True
		$2.inheritsSet = Mono
		$2.inheritsScope = text/x-csharp
		$2.scope = text/x-csharp
		$0.TextStylePolicy = $3
		$3.TabsToSpaces = False
		$3.inheritsSet = VisualStudio
		$3.inheritsScope = text/plain
		$3.scope = text/plain
	EndGlobalSection
EndGlobal
